<?xml version="1.0" encoding="utf-8"?>
<Project ToolsVersion="4.0" xmlns="http://schemas.microsoft.com/developer/msbuild/2003">
  <ItemGroup>
    <Filter Include="Source Files">
      <UniqueIdentifier>{a1c0fee3-1001-4d3b-9c00-aa00aa00aa01}</UniqueIdentifier>
    </Filter>
    <Filter Include="Header Files">
      <UniqueIdentifier>{a1c0fee3-1001-4d3b-9c00-aa00aa00aa02}</UniqueIdentifier>
    </Filter>
  </ItemGroup>
  <ItemGroup>
    <ClCompile Include="ai-server.cpp">
      <Filter>Source Files</Filter>
    </ClCompile>
    <ClCompile Include="aichrif.cpp">
      <Filter>Source Files</Filter>
    </ClCompile>
    <ClCompile Include="names.cpp">
      <Filter>Source Files</Filter>
    </ClCompile>
    <ClCompile Include="shell_pool.cpp">
      <Filter>Source Files</Filter>
    </ClCompile>
  </ItemGroup>
  <ItemGroup>
    <ClInclude Include="ai-server.hpp">
      <Filter>Header Files</Filter>
    </ClInclude>
    <ClInclude Include="aichrif.hpp">
      <Filter>Header Files</Filter>
    </ClInclude>
    <ClInclude Include="names.hpp">
      <Filter>Header Files</Filter>
    </ClInclude>
    <ClInclude Include="shell_pool.hpp">
      <Filter>Header Files</Filter>
    </ClInclude>
  </ItemGroup>
</Project>
